
Microsoft Visual Studio Solution File, Format Version 12.00
# Visual Studio Version 16
VisualStudioVersion = 16.0.32106.194
MinimumVisualStudioVersion = 10.0.40219.1
Project("{9A19103F-16F7-4668-BE54-9A1E7A4F7556}") = "ISM_6225_Spring_2022_Assignment_2", "Assignment_2\ISM_6225_Spring_2022_Assignment_2.csproj", "{EAE0DA0D-AE09-4AE0-9FDD-D7EF6232790C}"
EndProject
Global
	GlobalSection(SolutionConfigurationPlatforms) = preSolution
		Debug|Any CPU = Debug|Any CPU
		Release|Any CPU = Release|Any CPU
	EndGlobalSection
	GlobalSection(ProjectConfigurationPlatforms) = postSolution
		{EAE0DA0D-AE09-4AE0-9FDD-D7EF6232790C}.Debug|Any CPU.ActiveCfg = Debug|Any CPU
		{EAE0DA0D-AE09-4AE0-9FDD-D7EF6232790C}.Debug|Any CPU.Build.0 = Debug|Any CPU
		{EAE0DA0D-AE09-4AE0-9FDD-D7EF6232790C}.Release|Any CPU.ActiveCfg = Release|Any CPU
		{EAE0DA0D-AE09-4AE0-9FDD-D7EF6232790C}.Release|Any CPU.Build.0 = Release|Any CPU
	EndGlobalSection
	GlobalSection(SolutionProperties) = preSolution
		HideSolutionNode = FALSE
	EndGlobalSection
	GlobalSection(ExtensibilityGlobals) = postSolution
		SolutionGuid = {5233EE7C-F10F-4BA9-A548-F2CECCA926CD}
	EndGlobalSection
EndGlobal
